
Microsoft Visual Studio Solution File, Format Version 12.00
# Visual Studio Version 17
VisualStudioVersion = 17.5.33414.496
MinimumVisualStudioVersion = 10.0.40219.1
Project("{9A19103F-16F7-4668-BE54-9A1E7A4F7556}") = "Itransition.Web.Service", "Itransition.Web.Service\Itransition.Web.Service.csproj", "{27CA2E1F-2E4A-4889-91C8-3F027AE1D7C8}"
EndProject
Project("{FAE04EC0-301F-11D3-BF4B-00C04F79EFBC}") = "ITransition.ELearning.BusinessLayer", "ITransition.ELearning.BusinessLayer\ITransition.ELearning.BusinessLayer.csproj", "{F6A652ED-8B8A-49CC-A0C0-BE76921BEB88}"
EndProject
Project("{FAE04EC0-301F-11D3-BF4B-00C04F79EFBC}") = "ITransition.ELearning.BusinessObject", "ITransition.ELearning.BusinessObject\ITransition.ELearning.BusinessObject.csproj", "{42580A21-09A4-4D58-834B-14F50BDE13E0}"
EndProject
Project("{FAE04EC0-301F-11D3-BF4B-00C04F79EFBC}") = "ITransition.ELearning.DataAccessLayer", "ITransition.ELearning.DataAccessLayer\ITransition.ELearning.DataAccessLayer.csproj", "{045CA46A-F321-4E7A-A8A2-20309AD1826C}"
EndProject
Project("{FAE04EC0-301F-11D3-BF4B-00C04F79EFBC}") = "TestConsole", "TestConsole\TestConsole.csproj", "{DF4194E8-E275-42DA-B0E9-B302ADA5E6B1}"
EndProject
Global
	GlobalSection(SolutionConfigurationPlatforms) = preSolution
		Debug|Any CPU = Debug|Any CPU
		Release|Any CPU = Release|Any CPU
	EndGlobalSection
	GlobalSection(ProjectConfigurationPlatforms) = postSolution
		{27CA2E1F-2E4A-4889-91C8-3F027AE1D7C8}.Debug|Any CPU.ActiveCfg = Debug|Any CPU
		{27CA2E1F-2E4A-4889-91C8-3F027AE1D7C8}.Debug|Any CPU.Build.0 = Debug|Any CPU
		{27CA2E1F-2E4A-4889-91C8-3F027AE1D7C8}.Release|Any CPU.ActiveCfg = Release|Any CPU
		{27CA2E1F-2E4A-4889-91C8-3F027AE1D7C8}.Release|Any CPU.Build.0 = Release|Any CPU
		{F6A652ED-8B8A-49CC-A0C0-BE76921BEB88}.Debug|Any CPU.ActiveCfg = Debug|Any CPU
		{F6A652ED-8B8A-49CC-A0C0-BE76921BEB88}.Debug|Any CPU.Build.0 = Debug|Any CPU
		{F6A652ED-8B8A-49CC-A0C0-BE76921BEB88}.Release|Any CPU.ActiveCfg = Release|Any CPU
		{F6A652ED-8B8A-49CC-A0C0-BE76921BEB88}.Release|Any CPU.Build.0 = Release|Any CPU
		{42580A21-09A4-4D58-834B-14F50BDE13E0}.Debug|Any CPU.ActiveCfg = Debug|Any CPU
		{42580A21-09A4-4D58-834B-14F50BDE13E0}.Debug|Any CPU.Build.0 = Debug|Any CPU
		{42580A21-09A4-4D58-834B-14F50BDE13E0}.Release|Any CPU.ActiveCfg = Release|Any CPU
		{42580A21-09A4-4D58-834B-14F50BDE13E0}.Release|Any CPU.Build.0 = Release|Any CPU
		{045CA46A-F321-4E7A-A8A2-20309AD1826C}.Debug|Any CPU.ActiveCfg = Debug|Any CPU
		{045CA46A-F321-4E7A-A8A2-20309AD1826C}.Debug|Any CPU.Build.0 = Debug|Any CPU
		{045CA46A-F321-4E7A-A8A2-20309AD1826C}.Release|Any CPU.ActiveCfg = Release|Any CPU
		{045CA46A-F321-4E7A-A8A2-20309AD1826C}.Release|Any CPU.Build.0 = Release|Any CPU
		{DF4194E8-E275-42DA-B0E9-B302ADA5E6B1}.Debug|Any CPU.ActiveCfg = Debug|Any CPU
		{DF4194E8-E275-42DA-B0E9-B302ADA5E6B1}.Debug|Any CPU.Build.0 = Debug|Any CPU
		{DF4194E8-E275-42DA-B0E9-B302ADA5E6B1}.Release|Any CPU.ActiveCfg = Release|Any CPU
		{DF4194E8-E275-42DA-B0E9-B302ADA5E6B1}.Release|Any CPU.Build.0 = Release|Any CPU
	EndGlobalSection
	GlobalSection(SolutionProperties) = preSolution
		HideSolutionNode = FALSE
	EndGlobalSection
	GlobalSection(ExtensibilityGlobals) = postSolution
		SolutionGuid = {A2E97782-BF48-4B35-8A60-377EBCEB178E}
	EndGlobalSection
EndGlobal
